
Microsoft Visual Studio Solution File, Format Version 12.00
# Visual Studio 15
VisualStudioVersion = 15.0.27703.2042
MinimumVisualStudioVersion = 10.0.40219.1
Project("{FAE04EC0-301F-11D3-BF4B-00C04F79EFBC}") = "ProiectBD2", "ProiectBD2\ProiectBD2.csproj", "{3BF3F3AC-3A98-4725-BA96-3A60224270E6}"
EndProject
Global
	GlobalSection(SolutionConfigurationPlatforms) = preSolution
		Debug|Any CPU = Debug|Any CPU
		Release|Any CPU = Release|Any CPU
	EndGlobalSection
	GlobalSection(ProjectConfigurationPlatforms) = postSolution
		{3BF3F3AC-3A98-4725-BA96-3A60224270E6}.Debug|Any CPU.ActiveCfg = Debug|Any CPU
		{3BF3F3AC-3A98-4725-BA96-3A60224270E6}.Debug|Any CPU.Build.0 = Debug|Any CPU
		{3BF3F3AC-3A98-4725-BA96-3A60224270E6}.Release|Any CPU.ActiveCfg = Release|Any CPU
		{3BF3F3AC-3A98-4725-BA96-3A60224270E6}.Release|Any CPU.Build.0 = Release|Any CPU
	EndGlobalSection
	GlobalSection(SolutionProperties) = preSolution
		HideSolutionNode = FALSE
	EndGlobalSection
	GlobalSection(ExtensibilityGlobals) = postSolution
		SolutionGuid = {5DF4F28B-2135-4DC9-85FA-AB1B6B7B6DD5}
	EndGlobalSection
EndGlobal
